
Microsoft Visual Studio Solution File, Format Version 12.00
# Visual Studio Version 16
VisualStudioVersion = 16.0.30523.141
MinimumVisualStudioVersion = 10.0.40219.1
Project("{FAE04EC0-301F-11D3-BF4B-00C04F79EFBC}") = "BaiTap10", "BaiTap10\BaiTap10.csproj", "{29B9C550-DC7C-4381-9438-55E4A56512E7}"
EndProject
Global
	GlobalSection(SolutionConfigurationPlatforms) = preSolution
		Debug|Any CPU = Debug|Any CPU
		Release|Any CPU = Release|Any CPU
	EndGlobalSection
	GlobalSection(ProjectConfigurationPlatforms) = postSolution
		{29B9C550-DC7C-4381-9438-55E4A56512E7}.Debug|Any CPU.ActiveCfg = Debug|Any CPU
		{29B9C550-DC7C-4381-9438-55E4A56512E7}.Debug|Any CPU.Build.0 = Debug|Any CPU
		{29B9C550-DC7C-4381-9438-55E4A56512E7}.Release|Any CPU.ActiveCfg = Release|Any CPU
		{29B9C550-DC7C-4381-9438-55E4A56512E7}.Release|Any CPU.Build.0 = Release|Any CPU
	EndGlobalSection
	GlobalSection(SolutionProperties) = preSolution
		HideSolutionNode = FALSE
	EndGlobalSection
	GlobalSection(ExtensibilityGlobals) = postSolution
		SolutionGuid = {600ED2C7-EF76-4BEF-970E-992DE86DEFDF}
	EndGlobalSection
EndGlobal
